
Microsoft Visual Studio Solution File, Format Version 12.00
# Visual Studio Version 16
VisualStudioVersion = 16.0.32106.194
MinimumVisualStudioVersion = 10.0.40219.1
Project("{FAE04EC0-301F-11D3-BF4B-00C04F79EFBC}") = "PesosPOO.Consola", "PesosPOO.Consola\PesosPOO.Consola.csproj", "{69C04FDD-C95D-468F-9FFC-5E59485F899F}"
EndProject
Project("{FAE04EC0-301F-11D3-BF4B-00C04F79EFBC}") = "PesosPOO.Datos", "PesosPOO.Datos\PesosPOO.Datos.csproj", "{B553FA11-0A47-4067-BCD4-9E60B56C0F3C}"
EndProject
Project("{FAE04EC0-301F-11D3-BF4B-00C04F79EFBC}") = "PesosPOO.Entidades", "PesosPOO.Entidades\PesosPOO.Entidades.csproj", "{F53D2A9B-2DA4-4EAD-8669-506DB82FADC5}"
EndProject
Global
	GlobalSection(SolutionConfigurationPlatforms) = preSolution
		Debug|Any CPU = Debug|Any CPU
		Release|Any CPU = Release|Any CPU
	EndGlobalSection
	GlobalSection(ProjectConfigurationPlatforms) = postSolution
		{69C04FDD-C95D-468F-9FFC-5E59485F899F}.Debug|Any CPU.ActiveCfg = Debug|Any CPU
		{69C04FDD-C95D-468F-9FFC-5E59485F899F}.Debug|Any CPU.Build.0 = Debug|Any CPU
		{69C04FDD-C95D-468F-9FFC-5E59485F899F}.Release|Any CPU.ActiveCfg = Release|Any CPU
		{69C04FDD-C95D-468F-9FFC-5E59485F899F}.Release|Any CPU.Build.0 = Release|Any CPU
		{B553FA11-0A47-4067-BCD4-9E60B56C0F3C}.Debug|Any CPU.ActiveCfg = Debug|Any CPU
		{B553FA11-0A47-4067-BCD4-9E60B56C0F3C}.Debug|Any CPU.Build.0 = Debug|Any CPU
		{B553FA11-0A47-4067-BCD4-9E60B56C0F3C}.Release|Any CPU.ActiveCfg = Release|Any CPU
		{B553FA11-0A47-4067-BCD4-9E60B56C0F3C}.Release|Any CPU.Build.0 = Release|Any CPU
		{F53D2A9B-2DA4-4EAD-8669-506DB82FADC5}.Debug|Any CPU.ActiveCfg = Debug|Any CPU
		{F53D2A9B-2DA4-4EAD-8669-506DB82FADC5}.Debug|Any CPU.Build.0 = Debug|Any CPU
		{F53D2A9B-2DA4-4EAD-8669-506DB82FADC5}.Release|Any CPU.ActiveCfg = Release|Any CPU
		{F53D2A9B-2DA4-4EAD-8669-506DB82FADC5}.Release|Any CPU.Build.0 = Release|Any CPU
	EndGlobalSection
	GlobalSection(SolutionProperties) = preSolution
		HideSolutionNode = FALSE
	EndGlobalSection
	GlobalSection(ExtensibilityGlobals) = postSolution
		SolutionGuid = {7A1DA3ED-00FD-4695-BC48-948A91A214EC}
	EndGlobalSection
EndGlobal
